// !$*UTF8*$!
{
	archiveVersion = 1;
	classes = {
	};
	objectVersion = 52;
	objects = {

/* Begin PBXBuildFile section */
		FF504BEC2440D3A000EE1CFA /* AppDelegate.swift in Sources */ = {isa = PBXBuildFile; fileRef = FF504BEB2440D3A000EE1CFA /* AppDelegate.swift */; };
		FF504BEE2440D3A000EE1CFA /* ViewController.swift in Sources */ = {isa = PBXBuildFile; fileRef = FF504BED2440D3A000EE1CFA /* ViewController.swift */; };
		FF504BF02440D3A100EE1CFA /* Assets.xcassets in Resources */ = {isa = PBXBuildFile; fileRef = FF504BEF2440D3A100EE1CFA /* Assets.xcassets */; };
		FF504BF32440D3A100EE1CFA /* Main.storyboard in Resources */ = {isa = PBXBuildFile; fileRef = FF504BF12440D3A100EE1CFA /* Main.storyboard */; };
		FF504C012440D5D900EE1CFA /* Menu in Frameworks */ = {isa = PBXBuildFile; productRef = FF504C002440D5D900EE1CFA /* Menu */; };
/* End PBXBuildFile section */

/* Begin PBXFileReference section */
		FF504BE82440D3A000EE1CFA /* Menu-Example.app */ = {isa = PBXFileReference; explicitFileType = wrapper.application; includeInIndex = 0; path = "Menu-Example.app"; sourceTree = BUILT_PRODUCTS_DIR; };
		FF504BEB2440D3A000EE1CFA /* AppDelegate.swift */ = {isa = PBXFileReference; lastKnownFileType = sourcecode.swift; path = AppDelegate.swift; sourceTree = "<group>"; };
		FF504BED2440D3A000EE1CFA /* ViewController.swift */ = {isa = PBXFileReference; lastKnownFileType = sourcecode.swift; path = ViewController.swift; sourceTree = "<group>"; };
		FF504BEF2440D3A100EE1CFA /* Assets.xcassets */ = {isa = PBXFileReference; lastKnownFileType = folder.assetcatalog; path = Assets.xcassets; sourceTree = "<group>"; };
		FF504BF22440D3A100EE1CFA /* Base */ = {isa = PBXFileReference; lastKnownFileType = file.storyboard; name = Base; path = Base.lproj/Main.storyboard; sourceTree = "<group>"; };
		FF504BF42440D3A100EE1CFA /* Info.plist */ = {isa = PBXFileReference; lastKnownFileType = text.plist.xml; path = Info.plist; sourceTree = "<group>"; };
		FF504BF52440D3A100EE1CFA /* Menu_Example.entitlements */ = {isa = PBXFileReference; lastKnownFileType = text.plist.entitlements; path = Menu_Example.entitlements; sourceTree = "<group>"; };
		FF504BFB2440D3BB00EE1CFA /* Menu */ = {isa = PBXFileReference; lastKnownFileType = folder; path = Menu; sourceTree = "<group>"; };
/* End PBXFileReference section */

/* Begin PBXFrameworksBuildPhase section */
		FF504BE52440D3A000EE1CFA /* Frameworks */ = {
			isa = PBXFrameworksBuildPhase;
			buildActionMask = 2147483647;
			files = (
				FF504C012440D5D900EE1CFA /* Menu in Frameworks */,
			);
			runOnlyForDeploymentPostprocessing = 0;
		};
/* End PBXFrameworksBuildPhase section */

/* Begin PBXGroup section */
		FF504BDF2440D3A000EE1CFA = {
			isa = PBXGroup;
			children = (
				FF504BFB2440D3BB00EE1CFA /* Menu */,
				FF504BEA2440D3A000EE1CFA /* Menu-Example */,
				FF504BE92440D3A000EE1CFA /* Products */,
				FF504BFF2440D5D900EE1CFA /* Frameworks */,
			);
			sourceTree = "<group>";
		};
		FF504BE92440D3A000EE1CFA /* Products */ = {
			isa = PBXGroup;
			children = (
				FF504BE82440D3A000EE1CFA /* Menu-Example.app */,
			);
			name = Products;
			sourceTree = "<group>";
		};
		FF504BEA2440D3A000EE1CFA /* Menu-Example */ = {
			isa = PBXGroup;
			children = (
				FF504BEB2440D3A000EE1CFA /* AppDelegate.swift */,
				FF504BED2440D3A000EE1CFA /* ViewController.swift */,
				FF504BEF2440D3A100EE1CFA /* Assets.xcassets */,
				FF504BF12440D3A100EE1CFA /* Main.storyboard */,
				FF504BF42440D3A100EE1CFA /* Info.plist */,
				FF504BF52440D3A100EE1CFA /* Menu_Example.entitlements */,
			);
			path = "Menu-Example";
			sourceTree = "<group>";
		};
		FF504BFF2440D5D900EE1CFA /* Frameworks */ = {
			isa = PBXGroup;
			children = (
			);
			name = Frameworks;
			sourceTree = "<group>";
		};
/* End PBXGroup section */

/* Begin PBXNativeTarget section */
		FF504BE72440D3A000EE1CFA /* Menu-Example */ = {
			isa = PBXNativeTarget;
			buildConfigurationList = FF504BF82440D3A100EE1CFA /* Build configuration list for PBXNativeTarget "Menu-Example" */;
			buildPhases = (
				FF504BE42440D3A000EE1CFA /* Sources */,
				FF504BE52440D3A000EE1CFA /* Frameworks */,
				FF504BE62440D3A000EE1CFA /* Resources */,
			);
			buildRules = (
			);
			dependencies = (
			);
			name = "Menu-Example";
			packageProductDependencies = (
				FF504C002440D5D900EE1CFA /* Menu */,
			);
			productName = "Menu-Example";
			productReference = FF504BE82440D3A000EE1CFA /* Menu-Example.app */;
			productType = "com.apple.product-type.application";
		};
/* End PBXNativeTarget section */

/* Begin PBXProject section */
		FF504BE02440D3A000EE1CFA /* Project object */ = {
			isa = PBXProject;
			attributes = {
				LastSwiftUpdateCheck = 1130;
				LastUpgradeCheck = 1130;
				ORGANIZATIONNAME = heavylightapps;
				TargetAttributes = {
					FF504BE72440D3A000EE1CFA = {
						CreatedOnToolsVersion = 11.3.1;
					};
				};
			};
			buildConfigurationList = FF504BE32440D3A000EE1CFA /* Build configuration list for PBXProject "Menu-Example" */;
			compatibilityVersion = "Xcode 9.3";
			developmentRegion = en;
			hasScannedForEncodings = 0;
			knownRegions = (
				en,
				Base,
			);
			mainGroup = FF504BDF2440D3A000EE1CFA;
			productRefGroup = FF504BE92440D3A000EE1CFA /* Products */;
			projectDirPath = "";
			projectRoot = "";
			targets = (
				FF504BE72440D3A000EE1CFA /* Menu-Example */,
			);
		};
/* End PBXProject section */

/* Begin PBXResourcesBuildPhase section */
		FF504BE62440D3A000EE1CFA /* Resources */ = {
			isa = PBXResourcesBuildPhase;
			buildActionMask = 2147483647;
			files = (
				FF504BF02440D3A100EE1CFA /* Assets.xcassets in Resources */,
				FF504BF32440D3A100EE1CFA /* Main.storyboard in Resources */,
			);
			runOnlyForDeploymentPostprocessing = 0;
		};
/* End PBXResourcesBuildPhase section */

/* Begin PBXSourcesBuildPhase section */
		FF504BE42440D3A000EE1CFA /* Sources */ = {
			isa = PBXSourcesBuildPhase;
			buildActionMask = 2147483647;
			files = (
				FF504BEE2440D3A000EE1CFA /* ViewController.swift in Sources */,
				FF504BEC2440D3A000EE1CFA /* AppDelegate.swift in Sources */,
			);
			runOnlyForDeploymentPostprocessing = 0;
		};
/* End PBXSourcesBuildPhase section */

/* Begin PBXVariantGroup section */
		FF504BF12440D3A100EE1CFA /* Main.storyboard */ = {
			isa = PBXVariantGroup;
			children = (
				FF504BF22440D3A100EE1CFA /* Base */,
			);
			name = Main.storyboard;
			sourceTree = "<group>";
		};
/* End PBXVariantGroup section */

/* Begin XCBuildConfiguration section */
		FF504BF62440D3A100EE1CFA /* Debug */ = {
			isa = XCBuildConfiguration;
			buildSettings = {
				ALWAYS_SEARCH_USER_PATHS = NO;
				CLANG_ANALYZER_NONNULL = YES;
				CLANG_ANALYZER_NUMBER_OBJECT_CONVERSION = YES_AGGRESSIVE;
				CLANG_CXX_LANGUAGE_STANDARD = "gnu++14";
				CLANG_CXX_LIBRARY = "libc++";
				CLANG_ENABLE_MODULES = YES;
				CLANG_ENABLE_OBJC_ARC = YES;
				CLANG_ENABLE_OBJC_WEAK = YES;
				CLANG_WARN_BLOCK_CAPTURE_AUTORELEASING = YES;
				CLANG_WARN_BOOL_CONVERSION = YES;
				CLANG_WARN_COMMA = YES;
				CLANG_WARN_CONSTANT_CONVERSION = YES;
				CLANG_WARN_DEPRECATED_OBJC_IMPLEMENTATIONS = YES;
				CLANG_WARN_DIRECT_OBJC_ISA_USAGE = YES_ERROR;
				CLANG_WARN_DOCUMENTATION_COMMENTS = YES;
				CLANG_WARN_EMPTY_BODY = YES;
				CLANG_WARN_ENUM_CONVERSION = YES;
				CLANG_WARN_INFINITE_RECURSION = YES;
				CLANG_WARN_INT_CONVERSION = YES;
				CLANG_WARN_NON_LITERAL_NULL_CONVERSION = YES;
				CLANG_WARN_OBJC_IMPLICIT_RETAIN_SELF = YES;
				CLANG_WARN_OBJC_LITERAL_CONVERSION = YES;
				CLANG_WARN_OBJC_ROOT_CLASS = YES_ERROR;
				CLANG_WARN_RANGE_LOOP_ANALYSIS = YES;
				CLANG_WARN_STRICT_PROTOTYPES = YES;
				CLANG_WARN_SUSPICIOUS_MOVE = YES;
				CLANG_WARN_UNGUARDED_AVAILABILITY = YES_AGGRESSIVE;
				CLANG_WARN_UNREACHABLE_CODE = YES;
				CLANG_WARN__DUPLICATE_METHOD_MATCH = YES;
				COPY_PHASE_STRIP = NO;
				DEBUG_INFORMATION_FORMAT = dwarf;
				ENABLE_STRICT_OBJC_MSGSEND = YES;
				ENABLE_TESTABILITY = YES;
				GCC_C_LANGUAGE_STANDARD = gnu11;
				GCC_DYNAMIC_NO_PIC = NO;
				GCC_NO_COMMON_BLOCKS = YES;
				GCC_OPTIMIZATION_LEVEL = 0;
				GCC_PREPROCESSOR_DEFINITIONS = (
					"DEBUG=1",
					"$(inherited)",
				);
				GCC_WARN_64_TO_32_BIT_CONVERSION = YES;
				GCC_WARN_ABOUT_RETURN_TYPE = YES_ERROR;
				GCC_WARN_UNDECLARED_SELECTOR = YES;
				GCC_WARN_UNINITIALIZED_AUTOS = YES_AGGRESSIVE;
				GCC_WARN_UNUSED_FUNCTION = YES;
				GCC_WARN_UNUSED_VARIABLE = YES;
				MACOSX_DEPLOYMENT_TARGET = 10.14;
				MTL_ENABLE_DEBUG_INFO = INCLUDE_SOURCE;
				MTL_FAST_MATH = YES;
				ONLY_ACTIVE_ARCH = YES;
				SDKROOT = macosx;
				SWIFT_ACTIVE_COMPILATION_CONDITIONS = DEBUG;
				SWIFT_OPTIMIZATION_LEVEL = "-Onone";
			};
			name = Debug;
		};
		FF504BF72440D3A100EE1CFA /* Release */ = {
			isa = XCBuildConfiguration;
			buildSettings = {
				ALWAYS_SEARCH_USER_PATHS = NO;
				CLANG_ANALYZER_NONNULL = YES;
				CLANG_ANALYZER_NUMBER_OBJECT_CONVERSION = YES_AGGRESSIVE;
				CLANG_CXX_LANGUAGE_STANDARD = "gnu++14";
				CLANG_CXX_LIBRARY = "libc++";
				CLANG_ENABLE_MODULES = YES;
				CLANG_ENABLE_OBJC_ARC = YES;
				CLANG_ENABLE_OBJC_WEAK = YES;
				CLANG_WARN_BLOCK_CAPTURE_AUTORELEASING = YES;
				CLANG_WARN_BOOL_CONVERSION = YES;
				CLANG_WARN_COMMA = YES;
				CLANG_WARN_CONSTANT_CONVERSION = YES;
				CLANG_WARN_DEPRECATED_OBJC_IMPLEMENTATIONS = YES;
				CLANG_WARN_DIRECT_OBJC_ISA_USAGE = YES_ERROR;
				CLANG_WARN_DOCUMENTATION_COMMENTS = YES;
				CLANG_WARN_EMPTY_BODY = YES;
				CLANG_WARN_ENUM_CONVERSION = YES;
				CLANG_WARN_INFINITE_RECURSION = YES;
				CLANG_WARN_INT_CONVERSION = YES;
				CLANG_WARN_NON_LITERAL_NULL_CONVERSION = YES;
				CLANG_WARN_OBJC_IMPLICIT_RETAIN_SELF = YES;
				CLANG_WARN_OBJC_LITERAL_CONVERSION = YES;
				CLANG_WARN_OBJC_ROOT_CLASS = YES_ERROR;
				CLANG_WARN_RANGE_LOOP_ANALYSIS = YES;
				CLANG_WARN_STRICT_PROTOTYPES = YES;
				CLANG_WARN_SUSPICIOUS_MOVE = YES;
				CLANG_WARN_UNGUARDED_AVAILABILITY = YES_AGGRESSIVE;
				CLANG_WARN_UNREACHABLE_CODE = YES;
				CLANG_WARN__DUPLICATE_METHOD_MATCH = YES;
				COPY_PHASE_STRIP = NO;
				DEBUG_INFORMATION_FORMAT = "dwarf-with-dsym";
				ENABLE_NS_ASSERTIONS = NO;
				ENABLE_STRICT_OBJC_MSGSEND = YES;
				GCC_C_LANGUAGE_STANDARD = gnu11;
				GCC_NO_COMMON_BLOCKS = YES;
				GCC_WARN_64_TO_32_BIT_CONVERSION = YES;
				GCC_WARN_ABOUT_RETURN_TYPE = YES_ERROR;
				GCC_WARN_UNDECLARED_SELECTOR = YES;
				GCC_WARN_UNINITIALIZED_AUTOS = YES_AGGRESSIVE;
				GCC_WARN_UNUSED_FUNCTION = YES;
				GCC_WARN_UNUSED_VARIABLE = YES;
				MACOSX_DEPLOYMENT_TARGET = 10.14;
				MTL_ENABLE_DEBUG_INFO = NO;
				MTL_FAST_MATH = YES;
				SDKROOT = macosx;
				SWIFT_COMPILATION_MODE = wholemodule;
				SWIFT_OPTIMIZATION_LEVEL = "-O";
			};
			name = Release;
		};
		FF504BF92440D3A100EE1CFA /* Debug */ = {
			isa = XCBuildConfiguration;
			buildSettings = {
				ASSETCATALOG_COMPILER_APPICON_NAME = AppIcon;
				CODE_SIGN_ENTITLEMENTS = "Menu-Example/Menu_Example.entitlements";
				CODE_SIGN_STYLE = Automatic;
				COMBINE_HIDPI_IMAGES = YES;
				DEVELOPMENT_TEAM = 54HW5825ZV;
				ENABLE_HARDENED_RUNTIME = YES;
				INFOPLIST_FILE = "Menu-Example/Info.plist";
				LD_RUNPATH_SEARCH_PATHS = (
					"$(inherited)",
					"@executable_path/../Frameworks",
				);
				PRODUCT_BUNDLE_IDENTIFIER = "com.heavylightapps.Menu-Example";
				PRODUCT_NAME = "$(TARGET_NAME)";
				SWIFT_VERSION = 5.0;
			};
			name = Debug;
		};
		FF504BFA2440D3A100EE1CFA /* Release */ = {
			isa = XCBuildConfiguration;
			buildSettings = {
				ASSETCATALOG_COMPILER_APPICON_NAME = AppIcon;
				CODE_SIGN_ENTITLEMENTS = "Menu-Example/Menu_Example.entitlements";
				CODE_SIGN_STYLE = Automatic;
				COMBINE_HIDPI_IMAGES = YES;
				DEVELOPMENT_TEAM = 54HW5825ZV;
				ENABLE_HARDENED_RUNTIME = YES;
				INFOPLIST_FILE = "Menu-Example/Info.plist";
				LD_RUNPATH_SEARCH_PATHS = (
					"$(inherited)",
					"@executable_path/../Frameworks",
				);
				PRODUCT_BUNDLE_IDENTIFIER = "com.heavylightapps.Menu-Example";
				PRODUCT_NAME = "$(TARGET_NAME)";
				SWIFT_VERSION = 5.0;
			};
			name = Release;
		};
/* End XCBuildConfiguration section */

/* Begin XCConfigurationList section */
		FF504BE32440D3A000EE1CFA /* Build configuration list for PBXProject "Menu-Example" */ = {
			isa = XCConfigurationList;
			buildConfigurations = (
				FF504BF62440D3A100EE1CFA /* Debug */,
				FF504BF72440D3A100EE1CFA /* Release */,
			);
			defaultConfigurationIsVisible = 0;
			defaultConfigurationName = Release;
		};
		FF504BF82440D3A100EE1CFA /* Build configuration list for PBXNativeTarget "Menu-Example" */ = {
			isa = XCConfigurationList;
			buildConfigurations = (
				FF504BF92440D3A100EE1CFA /* Debug */,
				FF504BFA2440D3A100EE1CFA /* Release */,
			);
			defaultConfigurationIsVisible = 0;
			defaultConfigurationName = Release;
		};
/* End XCConfigurationList section */

/* Begin XCSwiftPackageProductDependency section */
		FF504C002440D5D900EE1CFA /* Menu */ = {
			isa = XCSwiftPackageProductDependency;
			productName = Menu;
		};
/* End XCSwiftPackageProductDependency section */
	};
	rootObject = FF504BE02440D3A000EE1CFA /* Project object */;
}
